
Microsoft Visual Studio Solution File, Format Version 12.00
# Visual Studio 15
VisualStudioVersion = 15.0.27428.2002
MinimumVisualStudioVersion = 10.0.40219.1
Project("{FAE04EC0-301F-11D3-BF4B-00C04F79EFBC}") = "DOS", "ConsoleApp1\DOS.csproj", "{2B028CC2-1AE6-4A8F-B90F-FA184B902B8D}"
EndProject
Project("{FAE04EC0-301F-11D3-BF4B-00C04F79EFBC}") = "BDEstagio.Repositorio", "BDEstagio.Repositorio\BDEstagio.Repositorio.csproj", "{C1D59704-FCBA-4608-9D3B-5B5427DCB8B1}"
EndProject
Project("{FAE04EC0-301F-11D3-BF4B-00C04F79EFBC}") = "BDEstagio.Dominio", "BDEstagio.Dominio\BDEstagio.Dominio.csproj", "{4BD7BE77-C4C6-47A7-B668-2402FDFA9B53}"
EndProject
Project("{FAE04EC0-301F-11D3-BF4B-00C04F79EFBC}") = "BDEstagio.Aplicacao", "BDEstagio.Aplicacao\BDEstagio.Aplicacao.csproj", "{5F17737B-F5F9-4D33-B0A0-52089EA884B7}"
EndProject
Project("{FAE04EC0-301F-11D3-BF4B-00C04F79EFBC}") = "WEB", "WEB\WEB.csproj", "{3A5E36BF-7D5C-4D32-9253-31B16A8E5C5F}"
EndProject
Global
	GlobalSection(SolutionConfigurationPlatforms) = preSolution
		Debug|Any CPU = Debug|Any CPU
		Release|Any CPU = Release|Any CPU
	EndGlobalSection
	GlobalSection(ProjectConfigurationPlatforms) = postSolution
		{2B028CC2-1AE6-4A8F-B90F-FA184B902B8D}.Debug|Any CPU.ActiveCfg = Debug|Any CPU
		{2B028CC2-1AE6-4A8F-B90F-FA184B902B8D}.Debug|Any CPU.Build.0 = Debug|Any CPU
		{2B028CC2-1AE6-4A8F-B90F-FA184B902B8D}.Release|Any CPU.ActiveCfg = Release|Any CPU
		{2B028CC2-1AE6-4A8F-B90F-FA184B902B8D}.Release|Any CPU.Build.0 = Release|Any CPU
		{C1D59704-FCBA-4608-9D3B-5B5427DCB8B1}.Debug|Any CPU.ActiveCfg = Debug|Any CPU
		{C1D59704-FCBA-4608-9D3B-5B5427DCB8B1}.Debug|Any CPU.Build.0 = Debug|Any CPU
		{C1D59704-FCBA-4608-9D3B-5B5427DCB8B1}.Release|Any CPU.ActiveCfg = Release|Any CPU
		{C1D59704-FCBA-4608-9D3B-5B5427DCB8B1}.Release|Any CPU.Build.0 = Release|Any CPU
		{4BD7BE77-C4C6-47A7-B668-2402FDFA9B53}.Debug|Any CPU.ActiveCfg = Debug|Any CPU
		{4BD7BE77-C4C6-47A7-B668-2402FDFA9B53}.Debug|Any CPU.Build.0 = Debug|Any CPU
		{4BD7BE77-C4C6-47A7-B668-2402FDFA9B53}.Release|Any CPU.ActiveCfg = Release|Any CPU
		{4BD7BE77-C4C6-47A7-B668-2402FDFA9B53}.Release|Any CPU.Build.0 = Release|Any CPU
		{5F17737B-F5F9-4D33-B0A0-52089EA884B7}.Debug|Any CPU.ActiveCfg = Debug|Any CPU
		{5F17737B-F5F9-4D33-B0A0-52089EA884B7}.Debug|Any CPU.Build.0 = Debug|Any CPU
		{5F17737B-F5F9-4D33-B0A0-52089EA884B7}.Release|Any CPU.ActiveCfg = Release|Any CPU
		{5F17737B-F5F9-4D33-B0A0-52089EA884B7}.Release|Any CPU.Build.0 = Release|Any CPU
		{3A5E36BF-7D5C-4D32-9253-31B16A8E5C5F}.Debug|Any CPU.ActiveCfg = Debug|Any CPU
		{3A5E36BF-7D5C-4D32-9253-31B16A8E5C5F}.Debug|Any CPU.Build.0 = Debug|Any CPU
		{3A5E36BF-7D5C-4D32-9253-31B16A8E5C5F}.Release|Any CPU.ActiveCfg = Release|Any CPU
		{3A5E36BF-7D5C-4D32-9253-31B16A8E5C5F}.Release|Any CPU.Build.0 = Release|Any CPU
	EndGlobalSection
	GlobalSection(SolutionProperties) = preSolution
		HideSolutionNode = FALSE
	EndGlobalSection
	GlobalSection(ExtensibilityGlobals) = postSolution
		SolutionGuid = {3D39C1A7-5291-4A5C-BFB7-BB62A1BDE28B}
	EndGlobalSection
EndGlobal
